
Microsoft Visual Studio Solution File, Format Version 12.00
# Visual Studio Version 16
VisualStudioVersion = 16.0.30611.23
MinimumVisualStudioVersion = 10.0.40219.1
Project("{FAE04EC0-301F-11D3-BF4B-00C04F79EFBC}") = "Zadaca1", "Zadaca1\Zadaca1.csproj", "{C83741CF-AE4B-4352-98CF-8A9A2EBF6784}"
EndProject
Project("{FAE04EC0-301F-11D3-BF4B-00C04F79EFBC}") = "Klase", "Klase\Klase.csproj", "{0AD3C178-4253-45FB-8DB4-C6B776C55837}"
EndProject
Global
	GlobalSection(SolutionConfigurationPlatforms) = preSolution
		Debug|Any CPU = Debug|Any CPU
		Release|Any CPU = Release|Any CPU
	EndGlobalSection
	GlobalSection(ProjectConfigurationPlatforms) = postSolution
		{C83741CF-AE4B-4352-98CF-8A9A2EBF6784}.Debug|Any CPU.ActiveCfg = Debug|Any CPU
		{C83741CF-AE4B-4352-98CF-8A9A2EBF6784}.Debug|Any CPU.Build.0 = Debug|Any CPU
		{C83741CF-AE4B-4352-98CF-8A9A2EBF6784}.Release|Any CPU.ActiveCfg = Release|Any CPU
		{C83741CF-AE4B-4352-98CF-8A9A2EBF6784}.Release|Any CPU.Build.0 = Release|Any CPU
		{0AD3C178-4253-45FB-8DB4-C6B776C55837}.Debug|Any CPU.ActiveCfg = Debug|Any CPU
		{0AD3C178-4253-45FB-8DB4-C6B776C55837}.Debug|Any CPU.Build.0 = Debug|Any CPU
		{0AD3C178-4253-45FB-8DB4-C6B776C55837}.Release|Any CPU.ActiveCfg = Release|Any CPU
		{0AD3C178-4253-45FB-8DB4-C6B776C55837}.Release|Any CPU.Build.0 = Release|Any CPU
	EndGlobalSection
	GlobalSection(SolutionProperties) = preSolution
		HideSolutionNode = FALSE
	EndGlobalSection
	GlobalSection(ExtensibilityGlobals) = postSolution
		SolutionGuid = {BF3DF0A3-EA22-4B32-BCB4-2BFFA1D25FF7}
	EndGlobalSection
EndGlobal
